
Microsoft Visual Studio Solution File, Format Version 12.00
# Visual Studio 15
VisualStudioVersion = 15.0.27428.2015
MinimumVisualStudioVersion = 10.0.40219.1
Project("{FAE04EC0-301F-11D3-BF4B-00C04F79EFBC}") = "Net.S.2018.Zenovich.13.Queue", "Net.S.2018.Zenovich.13.Queue\Net.S.2018.Zenovich.13.Queue.csproj", "{5E8F1AC2-6DA0-481B-BE43-6023E0D057C4}"
EndProject
Project("{FAE04EC0-301F-11D3-BF4B-00C04F79EFBC}") = "Net.S.2018.Zenovich.13.Tests", "Net.S.2018.Zenovich.13.Tests\Net.S.2018.Zenovich.13.Tests.csproj", "{CAC6CBC6-ECB2-4494-89C6-66EACECA9B97}"
EndProject
Project("{FAE04EC0-301F-11D3-BF4B-00C04F79EFBC}") = "Net.S.2018.Zenovich.13.Matrix", "Net.S.2018.Zenovich.13.Matrix\Net.S.2018.Zenovich.13.Matrix.csproj", "{D0E214ED-E395-4266-B6C7-F10CAB0D8190}"
EndProject
Project("{FAE04EC0-301F-11D3-BF4B-00C04F79EFBC}") = "Net.S.2018.Zenovich.13.BinarySearchTree", "Net.S.2018.Zenovich.13.BinarySearchTree\Net.S.2018.Zenovich.13.BinarySearchTree.csproj", "{92D183E1-CC4A-4601-9C81-49FF2BB66F28}"
EndProject
Global
	GlobalSection(SolutionConfigurationPlatforms) = preSolution
		Debug|Any CPU = Debug|Any CPU
		Release|Any CPU = Release|Any CPU
	EndGlobalSection
	GlobalSection(ProjectConfigurationPlatforms) = postSolution
		{5E8F1AC2-6DA0-481B-BE43-6023E0D057C4}.Debug|Any CPU.ActiveCfg = Debug|Any CPU
		{5E8F1AC2-6DA0-481B-BE43-6023E0D057C4}.Debug|Any CPU.Build.0 = Debug|Any CPU
		{5E8F1AC2-6DA0-481B-BE43-6023E0D057C4}.Release|Any CPU.ActiveCfg = Release|Any CPU
		{5E8F1AC2-6DA0-481B-BE43-6023E0D057C4}.Release|Any CPU.Build.0 = Release|Any CPU
		{CAC6CBC6-ECB2-4494-89C6-66EACECA9B97}.Debug|Any CPU.ActiveCfg = Debug|Any CPU
		{CAC6CBC6-ECB2-4494-89C6-66EACECA9B97}.Debug|Any CPU.Build.0 = Debug|Any CPU
		{CAC6CBC6-ECB2-4494-89C6-66EACECA9B97}.Release|Any CPU.ActiveCfg = Release|Any CPU
		{CAC6CBC6-ECB2-4494-89C6-66EACECA9B97}.Release|Any CPU.Build.0 = Release|Any CPU
		{D0E214ED-E395-4266-B6C7-F10CAB0D8190}.Debug|Any CPU.ActiveCfg = Debug|Any CPU
		{D0E214ED-E395-4266-B6C7-F10CAB0D8190}.Debug|Any CPU.Build.0 = Debug|Any CPU
		{D0E214ED-E395-4266-B6C7-F10CAB0D8190}.Release|Any CPU.ActiveCfg = Release|Any CPU
		{D0E214ED-E395-4266-B6C7-F10CAB0D8190}.Release|Any CPU.Build.0 = Release|Any CPU
		{92D183E1-CC4A-4601-9C81-49FF2BB66F28}.Debug|Any CPU.ActiveCfg = Debug|Any CPU
		{92D183E1-CC4A-4601-9C81-49FF2BB66F28}.Debug|Any CPU.Build.0 = Debug|Any CPU
		{92D183E1-CC4A-4601-9C81-49FF2BB66F28}.Release|Any CPU.ActiveCfg = Release|Any CPU
		{92D183E1-CC4A-4601-9C81-49FF2BB66F28}.Release|Any CPU.Build.0 = Release|Any CPU
	EndGlobalSection
	GlobalSection(SolutionProperties) = preSolution
		HideSolutionNode = FALSE
	EndGlobalSection
	GlobalSection(ExtensibilityGlobals) = postSolution
		SolutionGuid = {295B6CE4-CC8C-423D-8FCF-498F36B5D2F7}
	EndGlobalSection
EndGlobal
